# THIS IS AN AUTOGENERATED FILE. DO NOT EDIT THIS FILE DIRECTLY.
# yarn lockfile v1


daggy@0.0.1:
  version "0.0.1"
  resolved "https://registry.yarnpkg.com/daggy/-/daggy-0.0.1.tgz#ae9c932c9f7136e655a04afb21e8baadfd0d3707"

data.either@^1.5.1:
  version "1.5.1"
  resolved "https://registry.yarnpkg.com/data.either/-/data.either-1.5.1.tgz#71f9dbfc8fe3ab0112e52e443470bcd526f50b47"

data.task@^3.1.1:
  version "3.1.1"
  resolved "https://registry.yarnpkg.com/data.task/-/data.task-3.1.1.tgz#e985f5bedadd926b2d63c1a5d2076cff917a52ad"

fantasy-identities@^0.0.1:
  version "0.0.1"
  resolved "https://registry.yarnpkg.com/fantasy-identities/-/fantasy-identities-0.0.1.tgz#52baec7189ceebb558b29b5db8d50d26f4d85182"
  dependencies:
    daggy "0.0.1"
